
Microsoft Visual Studio Solution File, Format Version 12.00
# Visual Studio Version 17
VisualStudioVersion = 17.7.34024.191
MinimumVisualStudioVersion = 10.0.40219.1
Project("{FAE04EC0-301F-11D3-BF4B-00C04F79EFBC}") = "proyectoIntegrador", "proyectoIntegrador\proyectoIntegrador.csproj", "{32E931CA-FAD8-48F2-AC17-61E716D968E4}"
EndProject
Project("{FAE04EC0-301F-11D3-BF4B-00C04F79EFBC}") = "Entidades", "Entidades\Entidades.csproj", "{A5202809-B027-4CA1-9E11-A61DBB1E5449}"
EndProject
Global
	GlobalSection(SolutionConfigurationPlatforms) = preSolution
		Debug|Any CPU = Debug|Any CPU
		Release|Any CPU = Release|Any CPU
	EndGlobalSection
	GlobalSection(ProjectConfigurationPlatforms) = postSolution
		{32E931CA-FAD8-48F2-AC17-61E716D968E4}.Debug|Any CPU.ActiveCfg = Debug|Any CPU
		{32E931CA-FAD8-48F2-AC17-61E716D968E4}.Debug|Any CPU.Build.0 = Debug|Any CPU
		{32E931CA-FAD8-48F2-AC17-61E716D968E4}.Release|Any CPU.ActiveCfg = Release|Any CPU
		{32E931CA-FAD8-48F2-AC17-61E716D968E4}.Release|Any CPU.Build.0 = Release|Any CPU
		{A5202809-B027-4CA1-9E11-A61DBB1E5449}.Debug|Any CPU.ActiveCfg = Debug|Any CPU
		{A5202809-B027-4CA1-9E11-A61DBB1E5449}.Debug|Any CPU.Build.0 = Debug|Any CPU
		{A5202809-B027-4CA1-9E11-A61DBB1E5449}.Release|Any CPU.ActiveCfg = Release|Any CPU
		{A5202809-B027-4CA1-9E11-A61DBB1E5449}.Release|Any CPU.Build.0 = Release|Any CPU
	EndGlobalSection
	GlobalSection(SolutionProperties) = preSolution
		HideSolutionNode = FALSE
	EndGlobalSection
	GlobalSection(ExtensibilityGlobals) = postSolution
		SolutionGuid = {EEC3188D-2054-40D5-B38E-1C1F11C4B29A}
	EndGlobalSection
EndGlobal
